{
  "object": {
    "pins": [
      {
        "package": "Goose",
        "repositoryURL": "https://github.com/alloyapple/Goose.git",
        "state": {
          "branch": "master",
          "revision": "d20c8c8bd5c3ba2943a23428aa9afe4a56a1f4c2",
          "version": null
        }
      }
    ]
  },
  "version": 1
}
