{
  "object": {
    "pins": [
      {
        "package": "Goose",
        "repositoryURL": "https://github.com/alloyapple/Goose.git",
        "state": {
          "branch": "master",
          "revision": "4b56fa033cb6237b0e3f66b68e9ab6b28d378b53",
          "version": null
        }
      }
    ]
  },
  "version": 1
}
