{
  "object": {
    "pins": [
      {
        "package": "Goose",
        "repositoryURL": "https://github.com/alloyapple/Goose.git",
        "state": {
          "branch": "master",
          "revision": "9a27765e0434ad1a8aaff562de80c49642341e0d",
          "version": null
        }
      }
    ]
  },
  "version": 1
}
